// !$*UTF8*$!
{
	archiveVersion = 1;
	classes = {
	};
	objectVersion = 46;
	objects = {

/* Begin PBXBuildFile section */
		C856023A1AEA5627004533FE /* AppDelegate.swift in Sources */ = {isa = PBXBuildFile; fileRef = C85602391AEA5627004533FE /* AppDelegate.swift */; };
		C856023D1AEA5627004533FE /* Downloading_An_Image_From_The_Web.xcdatamodeld in Sources */ = {isa = PBXBuildFile; fileRef = C856023B1AEA5627004533FE /* Downloading_An_Image_From_The_Web.xcdatamodeld */; };
		C856023F1AEA5627004533FE /* ViewController.swift in Sources */ = {isa = PBXBuildFile; fileRef = C856023E1AEA5627004533FE /* ViewController.swift */; };
		C85602421AEA5627004533FE /* Main.storyboard in Resources */ = {isa = PBXBuildFile; fileRef = C85602401AEA5627004533FE /* Main.storyboard */; };
		C85602441AEA5627004533FE /* Images.xcassets in Resources */ = {isa = PBXBuildFile; fileRef = C85602431AEA5627004533FE /* Images.xcassets */; };
		C85602471AEA5627004533FE /* LaunchScreen.xib in Resources */ = {isa = PBXBuildFile; fileRef = C85602451AEA5627004533FE /* LaunchScreen.xib */; };
		C85602531AEA5627004533FE /* Downloading_An_Image_From_The_WebTests.swift in Sources */ = {isa = PBXBuildFile; fileRef = C85602521AEA5627004533FE /* Downloading_An_Image_From_The_WebTests.swift */; };
/* End PBXBuildFile section */

/* Begin PBXContainerItemProxy section */
		C856024D1AEA5627004533FE /* PBXContainerItemProxy */ = {
			isa = PBXContainerItemProxy;
			containerPortal = C856022C1AEA5626004533FE /* Project object */;
			proxyType = 1;
			remoteGlobalIDString = C85602331AEA5627004533FE;
			remoteInfo = "Downloading An Image From The Web";
		};
/* End PBXContainerItemProxy section */

/* Begin PBXFileReference section */
		C85602341AEA5627004533FE /* Downloading An Image From The Web.app */ = {isa = PBXFileReference; explicitFileType = wrapper.application; includeInIndex = 0; path = "Downloading An Image From The Web.app"; sourceTree = BUILT_PRODUCTS_DIR; };
		C85602381AEA5627004533FE /* Info.plist */ = {isa = PBXFileReference; lastKnownFileType = text.plist.xml; path = Info.plist; sourceTree = "<group>"; };
		C85602391AEA5627004533FE /* AppDelegate.swift */ = {isa = PBXFileReference; lastKnownFileType = sourcecode.swift; path = AppDelegate.swift; sourceTree = "<group>"; };
		C856023C1AEA5627004533FE /* Downloading_An_Image_From_The_Web.xcdatamodel */ = {isa = PBXFileReference; lastKnownFileType = wrapper.xcdatamodel; path = Downloading_An_Image_From_The_Web.xcdatamodel; sourceTree = "<group>"; };
		C856023E1AEA5627004533FE /* ViewController.swift */ = {isa = PBXFileReference; lastKnownFileType = sourcecode.swift; path = ViewController.swift; sourceTree = "<group>"; };
		C85602411AEA5627004533FE /* Base */ = {isa = PBXFileReference; lastKnownFileType = file.storyboard; name = Base; path = Base.lproj/Main.storyboard; sourceTree = "<group>"; };
		C85602431AEA5627004533FE /* Images.xcassets */ = {isa = PBXFileReference; lastKnownFileType = folder.assetcatalog; path = Images.xcassets; sourceTree = "<group>"; };
		C85602461AEA5627004533FE /* Base */ = {isa = PBXFileReference; lastKnownFileType = file.xib; name = Base; path = Base.lproj/LaunchScreen.xib; sourceTree = "<group>"; };
		C856024C1AEA5627004533FE /* Downloading An Image From The WebTests.xctest */ = {isa = PBXFileReference; explicitFileType = wrapper.cfbundle; includeInIndex = 0; path = "Downloading An Image From The WebTests.xctest"; sourceTree = BUILT_PRODUCTS_DIR; };
		C85602511AEA5627004533FE /* Info.plist */ = {isa = PBXFileReference; lastKnownFileType = text.plist.xml; path = Info.plist; sourceTree = "<group>"; };
		C85602521AEA5627004533FE /* Downloading_An_Image_From_The_WebTests.swift */ = {isa = PBXFileReference; lastKnownFileType = sourcecode.swift; path = Downloading_An_Image_From_The_WebTests.swift; sourceTree = "<group>"; };
/* End PBXFileReference section */

/* Begin PBXFrameworksBuildPhase section */
		C85602311AEA5627004533FE /* Frameworks */ = {
			isa = PBXFrameworksBuildPhase;
			buildActionMask = 2147483647;
			files = (
			);
			runOnlyForDeploymentPostprocessing = 0;
		};
		C85602491AEA5627004533FE /* Frameworks */ = {
			isa = PBXFrameworksBuildPhase;
			buildActionMask = 2147483647;
			files = (
			);
			runOnlyForDeploymentPostprocessing = 0;
		};
/* End PBXFrameworksBuildPhase section */

/* Begin PBXGroup section */
		C856022B1AEA5626004533FE = {
			isa = PBXGroup;
			children = (
				C85602361AEA5627004533FE /* Downloading An Image From The Web */,
				C856024F1AEA5627004533FE /* Downloading An Image From The WebTests */,
				C85602351AEA5627004533FE /* Products */,
			);
			sourceTree = "<group>";
		};
		C85602351AEA5627004533FE /* Products */ = {
			isa = PBXGroup;
			children = (
				C85602341AEA5627004533FE /* Downloading An Image From The Web.app */,
				C856024C1AEA5627004533FE /* Downloading An Image From The WebTests.xctest */,
			);
			name = Products;
			sourceTree = "<group>";
		};
		C85602361AEA5627004533FE /* Downloading An Image From The Web */ = {
			isa = PBXGroup;
			children = (
				C85602391AEA5627004533FE /* AppDelegate.swift */,
				C856023E1AEA5627004533FE /* ViewController.swift */,
				C85602401AEA5627004533FE /* Main.storyboard */,
				C85602431AEA5627004533FE /* Images.xcassets */,
				C85602451AEA5627004533FE /* LaunchScreen.xib */,
				C856023B1AEA5627004533FE /* Downloading_An_Image_From_The_Web.xcdatamodeld */,
				C85602371AEA5627004533FE /* Supporting Files */,
			);
			path = "Downloading An Image From The Web";
			sourceTree = "<group>";
		};
		C85602371AEA5627004533FE /* Supporting Files */ = {
			isa = PBXGroup;
			children = (
				C85602381AEA5627004533FE /* Info.plist */,
			);
			name = "Supporting Files";
			sourceTree = "<group>";
		};
		C856024F1AEA5627004533FE /* Downloading An Image From The WebTests */ = {
			isa = PBXGroup;
			children = (
				C85602521AEA5627004533FE /* Downloading_An_Image_From_The_WebTests.swift */,
				C85602501AEA5627004533FE /* Supporting Files */,
			);
			path = "Downloading An Image From The WebTests";
			sourceTree = "<group>";
		};
		C85602501AEA5627004533FE /* Supporting Files */ = {
			isa = PBXGroup;
			children = (
				C85602511AEA5627004533FE /* Info.plist */,
			);
			name = "Supporting Files";
			sourceTree = "<group>";
		};
/* End PBXGroup section */

/* Begin PBXNativeTarget section */
		C85602331AEA5627004533FE /* Downloading An Image From The Web */ = {
			isa = PBXNativeTarget;
			buildConfigurationList = C85602561AEA5627004533FE /* Build configuration list for PBXNativeTarget "Downloading An Image From The Web" */;
			buildPhases = (
				C85602301AEA5627004533FE /* Sources */,
				C85602311AEA5627004533FE /* Frameworks */,
				C85602321AEA5627004533FE /* Resources */,
			);
			buildRules = (
			);
			dependencies = (
			);
			name = "Downloading An Image From The Web";
			productName = "Downloading An Image From The Web";
			productReference = C85602341AEA5627004533FE /* Downloading An Image From The Web.app */;
			productType = "com.apple.product-type.application";
		};
		C856024B1AEA5627004533FE /* Downloading An Image From The WebTests */ = {
			isa = PBXNativeTarget;
			buildConfigurationList = C85602591AEA5627004533FE /* Build configuration list for PBXNativeTarget "Downloading An Image From The WebTests" */;
			buildPhases = (
				C85602481AEA5627004533FE /* Sources */,
				C85602491AEA5627004533FE /* Frameworks */,
				C856024A1AEA5627004533FE /* Resources */,
			);
			buildRules = (
			);
			dependencies = (
				C856024E1AEA5627004533FE /* PBXTargetDependency */,
			);
			name = "Downloading An Image From The WebTests";
			productName = "Downloading An Image From The WebTests";
			productReference = C856024C1AEA5627004533FE /* Downloading An Image From The WebTests.xctest */;
			productType = "com.apple.product-type.bundle.unit-test";
		};
/* End PBXNativeTarget section */

/* Begin PBXProject section */
		C856022C1AEA5626004533FE /* Project object */ = {
			isa = PBXProject;
			attributes = {
				LastUpgradeCheck = 0630;
				ORGANIZATIONNAME = Appfish;
				TargetAttributes = {
					C85602331AEA5627004533FE = {
						CreatedOnToolsVersion = 6.3;
					};
					C856024B1AEA5627004533FE = {
						CreatedOnToolsVersion = 6.3;
						TestTargetID = C85602331AEA5627004533FE;
					};
				};
			};
			buildConfigurationList = C856022F1AEA5626004533FE /* Build configuration list for PBXProject "Downloading An Image From The Web" */;
			compatibilityVersion = "Xcode 3.2";
			developmentRegion = English;
			hasScannedForEncodings = 0;
			knownRegions = (
				en,
				Base,
			);
			mainGroup = C856022B1AEA5626004533FE;
			productRefGroup = C85602351AEA5627004533FE /* Products */;
			projectDirPath = "";
			projectRoot = "";
			targets = (
				C85602331AEA5627004533FE /* Downloading An Image From The Web */,
				C856024B1AEA5627004533FE /* Downloading An Image From The WebTests */,
			);
		};
/* End PBXProject section */

/* Begin PBXResourcesBuildPhase section */
		C85602321AEA5627004533FE /* Resources */ = {
			isa = PBXResourcesBuildPhase;
			buildActionMask = 2147483647;
			files = (
				C85602421AEA5627004533FE /* Main.storyboard in Resources */,
				C85602471AEA5627004533FE /* LaunchScreen.xib in Resources */,
				C85602441AEA5627004533FE /* Images.xcassets in Resources */,
			);
			runOnlyForDeploymentPostprocessing = 0;
		};
		C856024A1AEA5627004533FE /* Resources */ = {
			isa = PBXResourcesBuildPhase;
			buildActionMask = 2147483647;
			files = (
			);
			runOnlyForDeploymentPostprocessing = 0;
		};
/* End PBXResourcesBuildPhase section */

/* Begin PBXSourcesBuildPhase section */
		C85602301AEA5627004533FE /* Sources */ = {
			isa = PBXSourcesBuildPhase;
			buildActionMask = 2147483647;
			files = (
				C856023F1AEA5627004533FE /* ViewController.swift in Sources */,
				C856023D1AEA5627004533FE /* Downloading_An_Image_From_The_Web.xcdatamodeld in Sources */,
				C856023A1AEA5627004533FE /* AppDelegate.swift in Sources */,
			);
			runOnlyForDeploymentPostprocessing = 0;
		};
		C85602481AEA5627004533FE /* Sources */ = {
			isa = PBXSourcesBuildPhase;
			buildActionMask = 2147483647;
			files = (
				C85602531AEA5627004533FE /* Downloading_An_Image_From_The_WebTests.swift in Sources */,
			);
			runOnlyForDeploymentPostprocessing = 0;
		};
/* End PBXSourcesBuildPhase section */

/* Begin PBXTargetDependency section */
		C856024E1AEA5627004533FE /* PBXTargetDependency */ = {
			isa = PBXTargetDependency;
			target = C85602331AEA5627004533FE /* Downloading An Image From The Web */;
			targetProxy = C856024D1AEA5627004533FE /* PBXContainerItemProxy */;
		};
/* End PBXTargetDependency section */

/* Begin PBXVariantGroup section */
		C85602401AEA5627004533FE /* Main.storyboard */ = {
			isa = PBXVariantGroup;
			children = (
				C85602411AEA5627004533FE /* Base */,
			);
			name = Main.storyboard;
			sourceTree = "<group>";
		};
		C85602451AEA5627004533FE /* LaunchScreen.xib */ = {
			isa = PBXVariantGroup;
			children = (
				C85602461AEA5627004533FE /* Base */,
			);
			name = LaunchScreen.xib;
			sourceTree = "<group>";
		};
/* End PBXVariantGroup section */

/* Begin XCBuildConfiguration section */
		C85602541AEA5627004533FE /* Debug */ = {
			isa = XCBuildConfiguration;
			buildSettings = {
				ALWAYS_SEARCH_USER_PATHS = NO;
				CLANG_CXX_LANGUAGE_STANDARD = "gnu++0x";
				CLANG_CXX_LIBRARY = "libc++";
				CLANG_ENABLE_MODULES = YES;
				CLANG_ENABLE_OBJC_ARC = YES;
				CLANG_WARN_BOOL_CONVERSION = YES;
				CLANG_WARN_CONSTANT_CONVERSION = YES;
				CLANG_WARN_DIRECT_OBJC_ISA_USAGE = YES_ERROR;
				CLANG_WARN_EMPTY_BODY = YES;
				CLANG_WARN_ENUM_CONVERSION = YES;
				CLANG_WARN_INT_CONVERSION = YES;
				CLANG_WARN_OBJC_ROOT_CLASS = YES_ERROR;
				CLANG_WARN_UNREACHABLE_CODE = YES;
				CLANG_WARN__DUPLICATE_METHOD_MATCH = YES;
				"CODE_SIGN_IDENTITY[sdk=iphoneos*]" = "iPhone Developer";
				COPY_PHASE_STRIP = NO;
				DEBUG_INFORMATION_FORMAT = "dwarf-with-dsym";
				ENABLE_STRICT_OBJC_MSGSEND = YES;
				GCC_C_LANGUAGE_STANDARD = gnu99;
				GCC_DYNAMIC_NO_PIC = NO;
				GCC_NO_COMMON_BLOCKS = YES;
				GCC_OPTIMIZATION_LEVEL = 0;
				GCC_PREPROCESSOR_DEFINITIONS = (
					"DEBUG=1",
					"$(inherited)",
				);
				GCC_SYMBOLS_PRIVATE_EXTERN = NO;
				GCC_WARN_64_TO_32_BIT_CONVERSION = YES;
				GCC_WARN_ABOUT_RETURN_TYPE = YES_ERROR;
				GCC_WARN_UNDECLARED_SELECTOR = YES;
				GCC_WARN_UNINITIALIZED_AUTOS = YES_AGGRESSIVE;
				GCC_WARN_UNUSED_FUNCTION = YES;
				GCC_WARN_UNUSED_VARIABLE = YES;
				IPHONEOS_DEPLOYMENT_TARGET = 8.3;
				MTL_ENABLE_DEBUG_INFO = YES;
				ONLY_ACTIVE_ARCH = YES;
				SDKROOT = iphoneos;
				SWIFT_OPTIMIZATION_LEVEL = "-Onone";
			};
			name = Debug;
		};
		C85602551AEA5627004533FE /* Release */ = {
			isa = XCBuildConfiguration;
			buildSettings = {
				ALWAYS_SEARCH_USER_PATHS = NO;
				CLANG_CXX_LANGUAGE_STANDARD = "gnu++0x";
				CLANG_CXX_LIBRARY = "libc++";
				CLANG_ENABLE_MODULES = YES;
				CLANG_ENABLE_OBJC_ARC = YES;
				CLANG_WARN_BOOL_CONVERSION = YES;
				CLANG_WARN_CONSTANT_CONVERSION = YES;
				CLANG_WARN_DIRECT_OBJC_ISA_USAGE = YES_ERROR;
				CLANG_WARN_EMPTY_BODY = YES;
				CLANG_WARN_ENUM_CONVERSION = YES;
				CLANG_WARN_INT_CONVERSION = YES;
				CLANG_WARN_OBJC_ROOT_CLASS = YES_ERROR;
				CLANG_WARN_UNREACHABLE_CODE = YES;
				CLANG_WARN__DUPLICATE_METHOD_MATCH = YES;
				"CODE_SIGN_IDENTITY[sdk=iphoneos*]" = "iPhone Developer";
				COPY_PHASE_STRIP = NO;
				DEBUG_INFORMATION_FORMAT = "dwarf-with-dsym";
				ENABLE_NS_ASSERTIONS = NO;
				ENABLE_STRICT_OBJC_MSGSEND = YES;
				GCC_C_LANGUAGE_STANDARD = gnu99;
				GCC_NO_COMMON_BLOCKS = YES;
				GCC_WARN_64_TO_32_BIT_CONVERSION = YES;
				GCC_WARN_ABOUT_RETURN_TYPE = YES_ERROR;
				GCC_WARN_UNDECLARED_SELECTOR = YES;
				GCC_WARN_UNINITIALIZED_AUTOS = YES_AGGRESSIVE;
				GCC_WARN_UNUSED_FUNCTION = YES;
				GCC_WARN_UNUSED_VARIABLE = YES;
				IPHONEOS_DEPLOYMENT_TARGET = 8.3;
				MTL_ENABLE_DEBUG_INFO = NO;
				SDKROOT = iphoneos;
				VALIDATE_PRODUCT = YES;
			};
			name = Release;
		};
		C85602571AEA5627004533FE /* Debug */ = {
			isa = XCBuildConfiguration;
			buildSettings = {
				ASSETCATALOG_COMPILER_APPICON_NAME = AppIcon;
				INFOPLIST_FILE = "Downloading An Image From The Web/Info.plist";
				LD_RUNPATH_SEARCH_PATHS = "$(inherited) @executable_path/Frameworks";
				PRODUCT_NAME = "$(TARGET_NAME)";
			};
			name = Debug;
		};
		C85602581AEA5627004533FE /* Release */ = {
			isa = XCBuildConfiguration;
			buildSettings = {
				ASSETCATALOG_COMPILER_APPICON_NAME = AppIcon;
				INFOPLIST_FILE = "Downloading An Image From The Web/Info.plist";
				LD_RUNPATH_SEARCH_PATHS = "$(inherited) @executable_path/Frameworks";
				PRODUCT_NAME = "$(TARGET_NAME)";
			};
			name = Release;
		};
		C856025A1AEA5627004533FE /* Debug */ = {
			isa = XCBuildConfiguration;
			buildSettings = {
				BUNDLE_LOADER = "$(TEST_HOST)";
				FRAMEWORK_SEARCH_PATHS = (
					"$(SDKROOT)/Developer/Library/Frameworks",
					"$(inherited)",
				);
				GCC_PREPROCESSOR_DEFINITIONS = (
					"DEBUG=1",
					"$(inherited)",
				);
				INFOPLIST_FILE = "Downloading An Image From The WebTests/Info.plist";
				LD_RUNPATH_SEARCH_PATHS = "$(inherited) @executable_path/Frameworks @loader_path/Frameworks";
				PRODUCT_NAME = "$(TARGET_NAME)";
				TEST_HOST = "$(BUILT_PRODUCTS_DIR)/Downloading An Image From The Web.app/Downloading An Image From The Web";
			};
			name = Debug;
		};
		C856025B1AEA5627004533FE /* Release */ = {
			isa = XCBuildConfiguration;
			buildSettings = {
				BUNDLE_LOADER = "$(TEST_HOST)";
				FRAMEWORK_SEARCH_PATHS = (
					"$(SDKROOT)/Developer/Library/Frameworks",
					"$(inherited)",
				);
				INFOPLIST_FILE = "Downloading An Image From The WebTests/Info.plist";
				LD_RUNPATH_SEARCH_PATHS = "$(inherited) @executable_path/Frameworks @loader_path/Frameworks";
				PRODUCT_NAME = "$(TARGET_NAME)";
				TEST_HOST = "$(BUILT_PRODUCTS_DIR)/Downloading An Image From The Web.app/Downloading An Image From The Web";
			};
			name = Release;
		};
/* End XCBuildConfiguration section */

/* Begin XCConfigurationList section */
		C856022F1AEA5626004533FE /* Build configuration list for PBXProject "Downloading An Image From The Web" */ = {
			isa = XCConfigurationList;
			buildConfigurations = (
				C85602541AEA5627004533FE /* Debug */,
				C85602551AEA5627004533FE /* Release */,
			);
			defaultConfigurationIsVisible = 0;
			defaultConfigurationName = Release;
		};
		C85602561AEA5627004533FE /* Build configuration list for PBXNativeTarget "Downloading An Image From The Web" */ = {
			isa = XCConfigurationList;
			buildConfigurations = (
				C85602571AEA5627004533FE /* Debug */,
				C85602581AEA5627004533FE /* Release */,
			);
			defaultConfigurationIsVisible = 0;
		};
		C85602591AEA5627004533FE /* Build configuration list for PBXNativeTarget "Downloading An Image From The WebTests" */ = {
			isa = XCConfigurationList;
			buildConfigurations = (
				C856025A1AEA5627004533FE /* Debug */,
				C856025B1AEA5627004533FE /* Release */,
			);
			defaultConfigurationIsVisible = 0;
		};
/* End XCConfigurationList section */

/* Begin XCVersionGroup section */
		C856023B1AEA5627004533FE /* Downloading_An_Image_From_The_Web.xcdatamodeld */ = {
			isa = XCVersionGroup;
			children = (
				C856023C1AEA5627004533FE /* Downloading_An_Image_From_The_Web.xcdatamodel */,
			);
			currentVersion = C856023C1AEA5627004533FE /* Downloading_An_Image_From_The_Web.xcdatamodel */;
			path = Downloading_An_Image_From_The_Web.xcdatamodeld;
			sourceTree = "<group>";
			versionGroupType = wrapper.xcdatamodel;
		};
/* End XCVersionGroup section */
	};
	rootObject = C856022C1AEA5626004533FE /* Project object */;
}
