// !$*UTF8*$!
{
	archiveVersion = 1;
	classes = {
	};
	objectVersion = 46;
	objects = {

/* Begin PBXBuildFile section */
		9AE03F4B1B00241100D22816 /* AppDelegate.swift in Sources */ = {isa = PBXBuildFile; fileRef = 9AE03F4A1B00241100D22816 /* AppDelegate.swift */; };
		9AE03F4D1B00241100D22816 /* ViewController.swift in Sources */ = {isa = PBXBuildFile; fileRef = 9AE03F4C1B00241100D22816 /* ViewController.swift */; };
		9AE03F501B00241100D22816 /* Main.storyboard in Resources */ = {isa = PBXBuildFile; fileRef = 9AE03F4E1B00241100D22816 /* Main.storyboard */; };
		9AE03F521B00241100D22816 /* Images.xcassets in Resources */ = {isa = PBXBuildFile; fileRef = 9AE03F511B00241100D22816 /* Images.xcassets */; };
		9AE03F551B00241100D22816 /* LaunchScreen.xib in Resources */ = {isa = PBXBuildFile; fileRef = 9AE03F531B00241100D22816 /* LaunchScreen.xib */; };
		9AE03F611B00241100D22816 /* Controlling_The_KeyboardTests.swift in Sources */ = {isa = PBXBuildFile; fileRef = 9AE03F601B00241100D22816 /* Controlling_The_KeyboardTests.swift */; };
/* End PBXBuildFile section */

/* Begin PBXContainerItemProxy section */
		9AE03F5B1B00241100D22816 /* PBXContainerItemProxy */ = {
			isa = PBXContainerItemProxy;
			containerPortal = 9AE03F3D1B00241100D22816 /* Project object */;
			proxyType = 1;
			remoteGlobalIDString = 9AE03F441B00241100D22816;
			remoteInfo = "Controlling The Keyboard";
		};
/* End PBXContainerItemProxy section */

/* Begin PBXFileReference section */
		9AE03F451B00241100D22816 /* Controlling The Keyboard.app */ = {isa = PBXFileReference; explicitFileType = wrapper.application; includeInIndex = 0; path = "Controlling The Keyboard.app"; sourceTree = BUILT_PRODUCTS_DIR; };
		9AE03F491B00241100D22816 /* Info.plist */ = {isa = PBXFileReference; lastKnownFileType = text.plist.xml; path = Info.plist; sourceTree = "<group>"; };
		9AE03F4A1B00241100D22816 /* AppDelegate.swift */ = {isa = PBXFileReference; lastKnownFileType = sourcecode.swift; path = AppDelegate.swift; sourceTree = "<group>"; };
		9AE03F4C1B00241100D22816 /* ViewController.swift */ = {isa = PBXFileReference; lastKnownFileType = sourcecode.swift; path = ViewController.swift; sourceTree = "<group>"; };
		9AE03F4F1B00241100D22816 /* Base */ = {isa = PBXFileReference; lastKnownFileType = file.storyboard; name = Base; path = Base.lproj/Main.storyboard; sourceTree = "<group>"; };
		9AE03F511B00241100D22816 /* Images.xcassets */ = {isa = PBXFileReference; lastKnownFileType = folder.assetcatalog; path = Images.xcassets; sourceTree = "<group>"; };
		9AE03F541B00241100D22816 /* Base */ = {isa = PBXFileReference; lastKnownFileType = file.xib; name = Base; path = Base.lproj/LaunchScreen.xib; sourceTree = "<group>"; };
		9AE03F5A1B00241100D22816 /* Controlling The KeyboardTests.xctest */ = {isa = PBXFileReference; explicitFileType = wrapper.cfbundle; includeInIndex = 0; path = "Controlling The KeyboardTests.xctest"; sourceTree = BUILT_PRODUCTS_DIR; };
		9AE03F5F1B00241100D22816 /* Info.plist */ = {isa = PBXFileReference; lastKnownFileType = text.plist.xml; path = Info.plist; sourceTree = "<group>"; };
		9AE03F601B00241100D22816 /* Controlling_The_KeyboardTests.swift */ = {isa = PBXFileReference; lastKnownFileType = sourcecode.swift; path = Controlling_The_KeyboardTests.swift; sourceTree = "<group>"; };
/* End PBXFileReference section */

/* Begin PBXFrameworksBuildPhase section */
		9AE03F421B00241100D22816 /* Frameworks */ = {
			isa = PBXFrameworksBuildPhase;
			buildActionMask = 2147483647;
			files = (
			);
			runOnlyForDeploymentPostprocessing = 0;
		};
		9AE03F571B00241100D22816 /* Frameworks */ = {
			isa = PBXFrameworksBuildPhase;
			buildActionMask = 2147483647;
			files = (
			);
			runOnlyForDeploymentPostprocessing = 0;
		};
/* End PBXFrameworksBuildPhase section */

/* Begin PBXGroup section */
		9AE03F3C1B00241100D22816 = {
			isa = PBXGroup;
			children = (
				9AE03F471B00241100D22816 /* Controlling The Keyboard */,
				9AE03F5D1B00241100D22816 /* Controlling The KeyboardTests */,
				9AE03F461B00241100D22816 /* Products */,
			);
			sourceTree = "<group>";
		};
		9AE03F461B00241100D22816 /* Products */ = {
			isa = PBXGroup;
			children = (
				9AE03F451B00241100D22816 /* Controlling The Keyboard.app */,
				9AE03F5A1B00241100D22816 /* Controlling The KeyboardTests.xctest */,
			);
			name = Products;
			sourceTree = "<group>";
		};
		9AE03F471B00241100D22816 /* Controlling The Keyboard */ = {
			isa = PBXGroup;
			children = (
				9AE03F4A1B00241100D22816 /* AppDelegate.swift */,
				9AE03F4C1B00241100D22816 /* ViewController.swift */,
				9AE03F4E1B00241100D22816 /* Main.storyboard */,
				9AE03F511B00241100D22816 /* Images.xcassets */,
				9AE03F531B00241100D22816 /* LaunchScreen.xib */,
				9AE03F481B00241100D22816 /* Supporting Files */,
			);
			path = "Controlling The Keyboard";
			sourceTree = "<group>";
		};
		9AE03F481B00241100D22816 /* Supporting Files */ = {
			isa = PBXGroup;
			children = (
				9AE03F491B00241100D22816 /* Info.plist */,
			);
			name = "Supporting Files";
			sourceTree = "<group>";
		};
		9AE03F5D1B00241100D22816 /* Controlling The KeyboardTests */ = {
			isa = PBXGroup;
			children = (
				9AE03F601B00241100D22816 /* Controlling_The_KeyboardTests.swift */,
				9AE03F5E1B00241100D22816 /* Supporting Files */,
			);
			path = "Controlling The KeyboardTests";
			sourceTree = "<group>";
		};
		9AE03F5E1B00241100D22816 /* Supporting Files */ = {
			isa = PBXGroup;
			children = (
				9AE03F5F1B00241100D22816 /* Info.plist */,
			);
			name = "Supporting Files";
			sourceTree = "<group>";
		};
/* End PBXGroup section */

/* Begin PBXNativeTarget section */
		9AE03F441B00241100D22816 /* Controlling The Keyboard */ = {
			isa = PBXNativeTarget;
			buildConfigurationList = 9AE03F641B00241100D22816 /* Build configuration list for PBXNativeTarget "Controlling The Keyboard" */;
			buildPhases = (
				9AE03F411B00241100D22816 /* Sources */,
				9AE03F421B00241100D22816 /* Frameworks */,
				9AE03F431B00241100D22816 /* Resources */,
			);
			buildRules = (
			);
			dependencies = (
			);
			name = "Controlling The Keyboard";
			productName = "Controlling The Keyboard";
			productReference = 9AE03F451B00241100D22816 /* Controlling The Keyboard.app */;
			productType = "com.apple.product-type.application";
		};
		9AE03F591B00241100D22816 /* Controlling The KeyboardTests */ = {
			isa = PBXNativeTarget;
			buildConfigurationList = 9AE03F671B00241100D22816 /* Build configuration list for PBXNativeTarget "Controlling The KeyboardTests" */;
			buildPhases = (
				9AE03F561B00241100D22816 /* Sources */,
				9AE03F571B00241100D22816 /* Frameworks */,
				9AE03F581B00241100D22816 /* Resources */,
			);
			buildRules = (
			);
			dependencies = (
				9AE03F5C1B00241100D22816 /* PBXTargetDependency */,
			);
			name = "Controlling The KeyboardTests";
			productName = "Controlling The KeyboardTests";
			productReference = 9AE03F5A1B00241100D22816 /* Controlling The KeyboardTests.xctest */;
			productType = "com.apple.product-type.bundle.unit-test";
		};
/* End PBXNativeTarget section */

/* Begin PBXProject section */
		9AE03F3D1B00241100D22816 /* Project object */ = {
			isa = PBXProject;
			attributes = {
				LastUpgradeCheck = 0610;
				ORGANIZATIONNAME = uinik;
				TargetAttributes = {
					9AE03F441B00241100D22816 = {
						CreatedOnToolsVersion = 6.1.1;
					};
					9AE03F591B00241100D22816 = {
						CreatedOnToolsVersion = 6.1.1;
						TestTargetID = 9AE03F441B00241100D22816;
					};
				};
			};
			buildConfigurationList = 9AE03F401B00241100D22816 /* Build configuration list for PBXProject "Controlling The Keyboard" */;
			compatibilityVersion = "Xcode 3.2";
			developmentRegion = English;
			hasScannedForEncodings = 0;
			knownRegions = (
				en,
				Base,
			);
			mainGroup = 9AE03F3C1B00241100D22816;
			productRefGroup = 9AE03F461B00241100D22816 /* Products */;
			projectDirPath = "";
			projectRoot = "";
			targets = (
				9AE03F441B00241100D22816 /* Controlling The Keyboard */,
				9AE03F591B00241100D22816 /* Controlling The KeyboardTests */,
			);
		};
/* End PBXProject section */

/* Begin PBXResourcesBuildPhase section */
		9AE03F431B00241100D22816 /* Resources */ = {
			isa = PBXResourcesBuildPhase;
			buildActionMask = 2147483647;
			files = (
				9AE03F501B00241100D22816 /* Main.storyboard in Resources */,
				9AE03F551B00241100D22816 /* LaunchScreen.xib in Resources */,
				9AE03F521B00241100D22816 /* Images.xcassets in Resources */,
			);
			runOnlyForDeploymentPostprocessing = 0;
		};
		9AE03F581B00241100D22816 /* Resources */ = {
			isa = PBXResourcesBuildPhase;
			buildActionMask = 2147483647;
			files = (
			);
			runOnlyForDeploymentPostprocessing = 0;
		};
/* End PBXResourcesBuildPhase section */

/* Begin PBXSourcesBuildPhase section */
		9AE03F411B00241100D22816 /* Sources */ = {
			isa = PBXSourcesBuildPhase;
			buildActionMask = 2147483647;
			files = (
				9AE03F4D1B00241100D22816 /* ViewController.swift in Sources */,
				9AE03F4B1B00241100D22816 /* AppDelegate.swift in Sources */,
			);
			runOnlyForDeploymentPostprocessing = 0;
		};
		9AE03F561B00241100D22816 /* Sources */ = {
			isa = PBXSourcesBuildPhase;
			buildActionMask = 2147483647;
			files = (
				9AE03F611B00241100D22816 /* Controlling_The_KeyboardTests.swift in Sources */,
			);
			runOnlyForDeploymentPostprocessing = 0;
		};
/* End PBXSourcesBuildPhase section */

/* Begin PBXTargetDependency section */
		9AE03F5C1B00241100D22816 /* PBXTargetDependency */ = {
			isa = PBXTargetDependency;
			target = 9AE03F441B00241100D22816 /* Controlling The Keyboard */;
			targetProxy = 9AE03F5B1B00241100D22816 /* PBXContainerItemProxy */;
		};
/* End PBXTargetDependency section */

/* Begin PBXVariantGroup section */
		9AE03F4E1B00241100D22816 /* Main.storyboard */ = {
			isa = PBXVariantGroup;
			children = (
				9AE03F4F1B00241100D22816 /* Base */,
			);
			name = Main.storyboard;
			sourceTree = "<group>";
		};
		9AE03F531B00241100D22816 /* LaunchScreen.xib */ = {
			isa = PBXVariantGroup;
			children = (
				9AE03F541B00241100D22816 /* Base */,
			);
			name = LaunchScreen.xib;
			sourceTree = "<group>";
		};
/* End PBXVariantGroup section */

/* Begin XCBuildConfiguration section */
		9AE03F621B00241100D22816 /* Debug */ = {
			isa = XCBuildConfiguration;
			buildSettings = {
				ALWAYS_SEARCH_USER_PATHS = NO;
				CLANG_CXX_LANGUAGE_STANDARD = "gnu++0x";
				CLANG_CXX_LIBRARY = "libc++";
				CLANG_ENABLE_MODULES = YES;
				CLANG_ENABLE_OBJC_ARC = YES;
				CLANG_WARN_BOOL_CONVERSION = YES;
				CLANG_WARN_CONSTANT_CONVERSION = YES;
				CLANG_WARN_DIRECT_OBJC_ISA_USAGE = YES_ERROR;
				CLANG_WARN_EMPTY_BODY = YES;
				CLANG_WARN_ENUM_CONVERSION = YES;
				CLANG_WARN_INT_CONVERSION = YES;
				CLANG_WARN_OBJC_ROOT_CLASS = YES_ERROR;
				CLANG_WARN_UNREACHABLE_CODE = YES;
				CLANG_WARN__DUPLICATE_METHOD_MATCH = YES;
				"CODE_SIGN_IDENTITY[sdk=iphoneos*]" = "iPhone Developer";
				COPY_PHASE_STRIP = NO;
				ENABLE_STRICT_OBJC_MSGSEND = YES;
				GCC_C_LANGUAGE_STANDARD = gnu99;
				GCC_DYNAMIC_NO_PIC = NO;
				GCC_OPTIMIZATION_LEVEL = 0;
				GCC_PREPROCESSOR_DEFINITIONS = (
					"DEBUG=1",
					"$(inherited)",
				);
				GCC_SYMBOLS_PRIVATE_EXTERN = NO;
				GCC_WARN_64_TO_32_BIT_CONVERSION = YES;
				GCC_WARN_ABOUT_RETURN_TYPE = YES_ERROR;
				GCC_WARN_UNDECLARED_SELECTOR = YES;
				GCC_WARN_UNINITIALIZED_AUTOS = YES_AGGRESSIVE;
				GCC_WARN_UNUSED_FUNCTION = YES;
				GCC_WARN_UNUSED_VARIABLE = YES;
				IPHONEOS_DEPLOYMENT_TARGET = 8.1;
				MTL_ENABLE_DEBUG_INFO = YES;
				ONLY_ACTIVE_ARCH = YES;
				SDKROOT = iphoneos;
				SWIFT_OPTIMIZATION_LEVEL = "-Onone";
				TARGETED_DEVICE_FAMILY = "1,2";
			};
			name = Debug;
		};
		9AE03F631B00241100D22816 /* Release */ = {
			isa = XCBuildConfiguration;
			buildSettings = {
				ALWAYS_SEARCH_USER_PATHS = NO;
				CLANG_CXX_LANGUAGE_STANDARD = "gnu++0x";
				CLANG_CXX_LIBRARY = "libc++";
				CLANG_ENABLE_MODULES = YES;
				CLANG_ENABLE_OBJC_ARC = YES;
				CLANG_WARN_BOOL_CONVERSION = YES;
				CLANG_WARN_CONSTANT_CONVERSION = YES;
				CLANG_WARN_DIRECT_OBJC_ISA_USAGE = YES_ERROR;
				CLANG_WARN_EMPTY_BODY = YES;
				CLANG_WARN_ENUM_CONVERSION = YES;
				CLANG_WARN_INT_CONVERSION = YES;
				CLANG_WARN_OBJC_ROOT_CLASS = YES_ERROR;
				CLANG_WARN_UNREACHABLE_CODE = YES;
				CLANG_WARN__DUPLICATE_METHOD_MATCH = YES;
				"CODE_SIGN_IDENTITY[sdk=iphoneos*]" = "iPhone Developer";
				COPY_PHASE_STRIP = YES;
				ENABLE_NS_ASSERTIONS = NO;
				ENABLE_STRICT_OBJC_MSGSEND = YES;
				GCC_C_LANGUAGE_STANDARD = gnu99;
				GCC_WARN_64_TO_32_BIT_CONVERSION = YES;
				GCC_WARN_ABOUT_RETURN_TYPE = YES_ERROR;
				GCC_WARN_UNDECLARED_SELECTOR = YES;
				GCC_WARN_UNINITIALIZED_AUTOS = YES_AGGRESSIVE;
				GCC_WARN_UNUSED_FUNCTION = YES;
				GCC_WARN_UNUSED_VARIABLE = YES;
				IPHONEOS_DEPLOYMENT_TARGET = 8.1;
				MTL_ENABLE_DEBUG_INFO = NO;
				SDKROOT = iphoneos;
				TARGETED_DEVICE_FAMILY = "1,2";
				VALIDATE_PRODUCT = YES;
			};
			name = Release;
		};
		9AE03F651B00241100D22816 /* Debug */ = {
			isa = XCBuildConfiguration;
			buildSettings = {
				ASSETCATALOG_COMPILER_APPICON_NAME = AppIcon;
				INFOPLIST_FILE = "Controlling The Keyboard/Info.plist";
				LD_RUNPATH_SEARCH_PATHS = "$(inherited) @executable_path/Frameworks";
				PRODUCT_NAME = "$(TARGET_NAME)";
			};
			name = Debug;
		};
		9AE03F661B00241100D22816 /* Release */ = {
			isa = XCBuildConfiguration;
			buildSettings = {
				ASSETCATALOG_COMPILER_APPICON_NAME = AppIcon;
				INFOPLIST_FILE = "Controlling The Keyboard/Info.plist";
				LD_RUNPATH_SEARCH_PATHS = "$(inherited) @executable_path/Frameworks";
				PRODUCT_NAME = "$(TARGET_NAME)";
			};
			name = Release;
		};
		9AE03F681B00241100D22816 /* Debug */ = {
			isa = XCBuildConfiguration;
			buildSettings = {
				BUNDLE_LOADER = "$(TEST_HOST)";
				FRAMEWORK_SEARCH_PATHS = (
					"$(SDKROOT)/Developer/Library/Frameworks",
					"$(inherited)",
				);
				GCC_PREPROCESSOR_DEFINITIONS = (
					"DEBUG=1",
					"$(inherited)",
				);
				INFOPLIST_FILE = "Controlling The KeyboardTests/Info.plist";
				LD_RUNPATH_SEARCH_PATHS = "$(inherited) @executable_path/Frameworks @loader_path/Frameworks";
				PRODUCT_NAME = "$(TARGET_NAME)";
				TEST_HOST = "$(BUILT_PRODUCTS_DIR)/Controlling The Keyboard.app/Controlling The Keyboard";
			};
			name = Debug;
		};
		9AE03F691B00241100D22816 /* Release */ = {
			isa = XCBuildConfiguration;
			buildSettings = {
				BUNDLE_LOADER = "$(TEST_HOST)";
				FRAMEWORK_SEARCH_PATHS = (
					"$(SDKROOT)/Developer/Library/Frameworks",
					"$(inherited)",
				);
				INFOPLIST_FILE = "Controlling The KeyboardTests/Info.plist";
				LD_RUNPATH_SEARCH_PATHS = "$(inherited) @executable_path/Frameworks @loader_path/Frameworks";
				PRODUCT_NAME = "$(TARGET_NAME)";
				TEST_HOST = "$(BUILT_PRODUCTS_DIR)/Controlling The Keyboard.app/Controlling The Keyboard";
			};
			name = Release;
		};
/* End XCBuildConfiguration section */

/* Begin XCConfigurationList section */
		9AE03F401B00241100D22816 /* Build configuration list for PBXProject "Controlling The Keyboard" */ = {
			isa = XCConfigurationList;
			buildConfigurations = (
				9AE03F621B00241100D22816 /* Debug */,
				9AE03F631B00241100D22816 /* Release */,
			);
			defaultConfigurationIsVisible = 0;
			defaultConfigurationName = Release;
		};
		9AE03F641B00241100D22816 /* Build configuration list for PBXNativeTarget "Controlling The Keyboard" */ = {
			isa = XCConfigurationList;
			buildConfigurations = (
				9AE03F651B00241100D22816 /* Debug */,
				9AE03F661B00241100D22816 /* Release */,
			);
			defaultConfigurationIsVisible = 0;
		};
		9AE03F671B00241100D22816 /* Build configuration list for PBXNativeTarget "Controlling The KeyboardTests" */ = {
			isa = XCConfigurationList;
			buildConfigurations = (
				9AE03F681B00241100D22816 /* Debug */,
				9AE03F691B00241100D22816 /* Release */,
			);
			defaultConfigurationIsVisible = 0;
		};
/* End XCConfigurationList section */
	};
	rootObject = 9AE03F3D1B00241100D22816 /* Project object */;
}
