// !$*UTF8*$!
{
	archiveVersion = 1;
	classes = {
	};
	objectVersion = 46;
	objects = {

/* Begin PBXBuildFile section */
		9AF091DC1AE736FF00891784 /* AppDelegate.swift in Sources */ = {isa = PBXBuildFile; fileRef = 9AF091DB1AE736FF00891784 /* AppDelegate.swift */; };
		9AF091DE1AE736FF00891784 /* ViewController.swift in Sources */ = {isa = PBXBuildFile; fileRef = 9AF091DD1AE736FF00891784 /* ViewController.swift */; };
		9AF091E11AE736FF00891784 /* Main.storyboard in Resources */ = {isa = PBXBuildFile; fileRef = 9AF091DF1AE736FF00891784 /* Main.storyboard */; };
		9AF091E31AE736FF00891784 /* Images.xcassets in Resources */ = {isa = PBXBuildFile; fileRef = 9AF091E21AE736FF00891784 /* Images.xcassets */; };
		9AF091E61AE736FF00891784 /* LaunchScreen.xib in Resources */ = {isa = PBXBuildFile; fileRef = 9AF091E41AE736FF00891784 /* LaunchScreen.xib */; };
		9AF091F21AE736FF00891784 /* Times_TablesTests.swift in Sources */ = {isa = PBXBuildFile; fileRef = 9AF091F11AE736FF00891784 /* Times_TablesTests.swift */; };
/* End PBXBuildFile section */

/* Begin PBXContainerItemProxy section */
		9AF091EC1AE736FF00891784 /* PBXContainerItemProxy */ = {
			isa = PBXContainerItemProxy;
			containerPortal = 9AF091CE1AE736FF00891784 /* Project object */;
			proxyType = 1;
			remoteGlobalIDString = 9AF091D51AE736FF00891784;
			remoteInfo = "Times Tables";
		};
/* End PBXContainerItemProxy section */

/* Begin PBXFileReference section */
		9AF091D61AE736FF00891784 /* Times Tables.app */ = {isa = PBXFileReference; explicitFileType = wrapper.application; includeInIndex = 0; path = "Times Tables.app"; sourceTree = BUILT_PRODUCTS_DIR; };
		9AF091DA1AE736FF00891784 /* Info.plist */ = {isa = PBXFileReference; lastKnownFileType = text.plist.xml; path = Info.plist; sourceTree = "<group>"; };
		9AF091DB1AE736FF00891784 /* AppDelegate.swift */ = {isa = PBXFileReference; lastKnownFileType = sourcecode.swift; path = AppDelegate.swift; sourceTree = "<group>"; };
		9AF091DD1AE736FF00891784 /* ViewController.swift */ = {isa = PBXFileReference; lastKnownFileType = sourcecode.swift; path = ViewController.swift; sourceTree = "<group>"; };
		9AF091E01AE736FF00891784 /* Base */ = {isa = PBXFileReference; lastKnownFileType = file.storyboard; name = Base; path = Base.lproj/Main.storyboard; sourceTree = "<group>"; };
		9AF091E21AE736FF00891784 /* Images.xcassets */ = {isa = PBXFileReference; lastKnownFileType = folder.assetcatalog; path = Images.xcassets; sourceTree = "<group>"; };
		9AF091E51AE736FF00891784 /* Base */ = {isa = PBXFileReference; lastKnownFileType = file.xib; name = Base; path = Base.lproj/LaunchScreen.xib; sourceTree = "<group>"; };
		9AF091EB1AE736FF00891784 /* Times TablesTests.xctest */ = {isa = PBXFileReference; explicitFileType = wrapper.cfbundle; includeInIndex = 0; path = "Times TablesTests.xctest"; sourceTree = BUILT_PRODUCTS_DIR; };
		9AF091F01AE736FF00891784 /* Info.plist */ = {isa = PBXFileReference; lastKnownFileType = text.plist.xml; path = Info.plist; sourceTree = "<group>"; };
		9AF091F11AE736FF00891784 /* Times_TablesTests.swift */ = {isa = PBXFileReference; lastKnownFileType = sourcecode.swift; path = Times_TablesTests.swift; sourceTree = "<group>"; };
/* End PBXFileReference section */

/* Begin PBXFrameworksBuildPhase section */
		9AF091D31AE736FF00891784 /* Frameworks */ = {
			isa = PBXFrameworksBuildPhase;
			buildActionMask = 2147483647;
			files = (
			);
			runOnlyForDeploymentPostprocessing = 0;
		};
		9AF091E81AE736FF00891784 /* Frameworks */ = {
			isa = PBXFrameworksBuildPhase;
			buildActionMask = 2147483647;
			files = (
			);
			runOnlyForDeploymentPostprocessing = 0;
		};
/* End PBXFrameworksBuildPhase section */

/* Begin PBXGroup section */
		9AF091CD1AE736FF00891784 = {
			isa = PBXGroup;
			children = (
				9AF091D81AE736FF00891784 /* Times Tables */,
				9AF091EE1AE736FF00891784 /* Times TablesTests */,
				9AF091D71AE736FF00891784 /* Products */,
			);
			sourceTree = "<group>";
		};
		9AF091D71AE736FF00891784 /* Products */ = {
			isa = PBXGroup;
			children = (
				9AF091D61AE736FF00891784 /* Times Tables.app */,
				9AF091EB1AE736FF00891784 /* Times TablesTests.xctest */,
			);
			name = Products;
			sourceTree = "<group>";
		};
		9AF091D81AE736FF00891784 /* Times Tables */ = {
			isa = PBXGroup;
			children = (
				9AF091DB1AE736FF00891784 /* AppDelegate.swift */,
				9AF091DD1AE736FF00891784 /* ViewController.swift */,
				9AF091DF1AE736FF00891784 /* Main.storyboard */,
				9AF091E21AE736FF00891784 /* Images.xcassets */,
				9AF091E41AE736FF00891784 /* LaunchScreen.xib */,
				9AF091D91AE736FF00891784 /* Supporting Files */,
			);
			path = "Times Tables";
			sourceTree = "<group>";
		};
		9AF091D91AE736FF00891784 /* Supporting Files */ = {
			isa = PBXGroup;
			children = (
				9AF091DA1AE736FF00891784 /* Info.plist */,
			);
			name = "Supporting Files";
			sourceTree = "<group>";
		};
		9AF091EE1AE736FF00891784 /* Times TablesTests */ = {
			isa = PBXGroup;
			children = (
				9AF091F11AE736FF00891784 /* Times_TablesTests.swift */,
				9AF091EF1AE736FF00891784 /* Supporting Files */,
			);
			path = "Times TablesTests";
			sourceTree = "<group>";
		};
		9AF091EF1AE736FF00891784 /* Supporting Files */ = {
			isa = PBXGroup;
			children = (
				9AF091F01AE736FF00891784 /* Info.plist */,
			);
			name = "Supporting Files";
			sourceTree = "<group>";
		};
/* End PBXGroup section */

/* Begin PBXNativeTarget section */
		9AF091D51AE736FF00891784 /* Times Tables */ = {
			isa = PBXNativeTarget;
			buildConfigurationList = 9AF091F51AE7370000891784 /* Build configuration list for PBXNativeTarget "Times Tables" */;
			buildPhases = (
				9AF091D21AE736FF00891784 /* Sources */,
				9AF091D31AE736FF00891784 /* Frameworks */,
				9AF091D41AE736FF00891784 /* Resources */,
			);
			buildRules = (
			);
			dependencies = (
			);
			name = "Times Tables";
			productName = "Times Tables";
			productReference = 9AF091D61AE736FF00891784 /* Times Tables.app */;
			productType = "com.apple.product-type.application";
		};
		9AF091EA1AE736FF00891784 /* Times TablesTests */ = {
			isa = PBXNativeTarget;
			buildConfigurationList = 9AF091F81AE7370000891784 /* Build configuration list for PBXNativeTarget "Times TablesTests" */;
			buildPhases = (
				9AF091E71AE736FF00891784 /* Sources */,
				9AF091E81AE736FF00891784 /* Frameworks */,
				9AF091E91AE736FF00891784 /* Resources */,
			);
			buildRules = (
			);
			dependencies = (
				9AF091ED1AE736FF00891784 /* PBXTargetDependency */,
			);
			name = "Times TablesTests";
			productName = "Times TablesTests";
			productReference = 9AF091EB1AE736FF00891784 /* Times TablesTests.xctest */;
			productType = "com.apple.product-type.bundle.unit-test";
		};
/* End PBXNativeTarget section */

/* Begin PBXProject section */
		9AF091CE1AE736FF00891784 /* Project object */ = {
			isa = PBXProject;
			attributes = {
				LastUpgradeCheck = 0610;
				ORGANIZATIONNAME = uinik;
				TargetAttributes = {
					9AF091D51AE736FF00891784 = {
						CreatedOnToolsVersion = 6.1.1;
					};
					9AF091EA1AE736FF00891784 = {
						CreatedOnToolsVersion = 6.1.1;
						TestTargetID = 9AF091D51AE736FF00891784;
					};
				};
			};
			buildConfigurationList = 9AF091D11AE736FF00891784 /* Build configuration list for PBXProject "Times Tables" */;
			compatibilityVersion = "Xcode 3.2";
			developmentRegion = English;
			hasScannedForEncodings = 0;
			knownRegions = (
				en,
				Base,
			);
			mainGroup = 9AF091CD1AE736FF00891784;
			productRefGroup = 9AF091D71AE736FF00891784 /* Products */;
			projectDirPath = "";
			projectRoot = "";
			targets = (
				9AF091D51AE736FF00891784 /* Times Tables */,
				9AF091EA1AE736FF00891784 /* Times TablesTests */,
			);
		};
/* End PBXProject section */

/* Begin PBXResourcesBuildPhase section */
		9AF091D41AE736FF00891784 /* Resources */ = {
			isa = PBXResourcesBuildPhase;
			buildActionMask = 2147483647;
			files = (
				9AF091E11AE736FF00891784 /* Main.storyboard in Resources */,
				9AF091E61AE736FF00891784 /* LaunchScreen.xib in Resources */,
				9AF091E31AE736FF00891784 /* Images.xcassets in Resources */,
			);
			runOnlyForDeploymentPostprocessing = 0;
		};
		9AF091E91AE736FF00891784 /* Resources */ = {
			isa = PBXResourcesBuildPhase;
			buildActionMask = 2147483647;
			files = (
			);
			runOnlyForDeploymentPostprocessing = 0;
		};
/* End PBXResourcesBuildPhase section */

/* Begin PBXSourcesBuildPhase section */
		9AF091D21AE736FF00891784 /* Sources */ = {
			isa = PBXSourcesBuildPhase;
			buildActionMask = 2147483647;
			files = (
				9AF091DE1AE736FF00891784 /* ViewController.swift in Sources */,
				9AF091DC1AE736FF00891784 /* AppDelegate.swift in Sources */,
			);
			runOnlyForDeploymentPostprocessing = 0;
		};
		9AF091E71AE736FF00891784 /* Sources */ = {
			isa = PBXSourcesBuildPhase;
			buildActionMask = 2147483647;
			files = (
				9AF091F21AE736FF00891784 /* Times_TablesTests.swift in Sources */,
			);
			runOnlyForDeploymentPostprocessing = 0;
		};
/* End PBXSourcesBuildPhase section */

/* Begin PBXTargetDependency section */
		9AF091ED1AE736FF00891784 /* PBXTargetDependency */ = {
			isa = PBXTargetDependency;
			target = 9AF091D51AE736FF00891784 /* Times Tables */;
			targetProxy = 9AF091EC1AE736FF00891784 /* PBXContainerItemProxy */;
		};
/* End PBXTargetDependency section */

/* Begin PBXVariantGroup section */
		9AF091DF1AE736FF00891784 /* Main.storyboard */ = {
			isa = PBXVariantGroup;
			children = (
				9AF091E01AE736FF00891784 /* Base */,
			);
			name = Main.storyboard;
			sourceTree = "<group>";
		};
		9AF091E41AE736FF00891784 /* LaunchScreen.xib */ = {
			isa = PBXVariantGroup;
			children = (
				9AF091E51AE736FF00891784 /* Base */,
			);
			name = LaunchScreen.xib;
			sourceTree = "<group>";
		};
/* End PBXVariantGroup section */

/* Begin XCBuildConfiguration section */
		9AF091F31AE7370000891784 /* Debug */ = {
			isa = XCBuildConfiguration;
			buildSettings = {
				ALWAYS_SEARCH_USER_PATHS = NO;
				CLANG_CXX_LANGUAGE_STANDARD = "gnu++0x";
				CLANG_CXX_LIBRARY = "libc++";
				CLANG_ENABLE_MODULES = YES;
				CLANG_ENABLE_OBJC_ARC = YES;
				CLANG_WARN_BOOL_CONVERSION = YES;
				CLANG_WARN_CONSTANT_CONVERSION = YES;
				CLANG_WARN_DIRECT_OBJC_ISA_USAGE = YES_ERROR;
				CLANG_WARN_EMPTY_BODY = YES;
				CLANG_WARN_ENUM_CONVERSION = YES;
				CLANG_WARN_INT_CONVERSION = YES;
				CLANG_WARN_OBJC_ROOT_CLASS = YES_ERROR;
				CLANG_WARN_UNREACHABLE_CODE = YES;
				CLANG_WARN__DUPLICATE_METHOD_MATCH = YES;
				"CODE_SIGN_IDENTITY[sdk=iphoneos*]" = "iPhone Developer";
				COPY_PHASE_STRIP = NO;
				ENABLE_STRICT_OBJC_MSGSEND = YES;
				GCC_C_LANGUAGE_STANDARD = gnu99;
				GCC_DYNAMIC_NO_PIC = NO;
				GCC_OPTIMIZATION_LEVEL = 0;
				GCC_PREPROCESSOR_DEFINITIONS = (
					"DEBUG=1",
					"$(inherited)",
				);
				GCC_SYMBOLS_PRIVATE_EXTERN = NO;
				GCC_WARN_64_TO_32_BIT_CONVERSION = YES;
				GCC_WARN_ABOUT_RETURN_TYPE = YES_ERROR;
				GCC_WARN_UNDECLARED_SELECTOR = YES;
				GCC_WARN_UNINITIALIZED_AUTOS = YES_AGGRESSIVE;
				GCC_WARN_UNUSED_FUNCTION = YES;
				GCC_WARN_UNUSED_VARIABLE = YES;
				IPHONEOS_DEPLOYMENT_TARGET = 8.1;
				MTL_ENABLE_DEBUG_INFO = YES;
				ONLY_ACTIVE_ARCH = YES;
				SDKROOT = iphoneos;
				SWIFT_OPTIMIZATION_LEVEL = "-Onone";
				TARGETED_DEVICE_FAMILY = "1,2";
			};
			name = Debug;
		};
		9AF091F41AE7370000891784 /* Release */ = {
			isa = XCBuildConfiguration;
			buildSettings = {
				ALWAYS_SEARCH_USER_PATHS = NO;
				CLANG_CXX_LANGUAGE_STANDARD = "gnu++0x";
				CLANG_CXX_LIBRARY = "libc++";
				CLANG_ENABLE_MODULES = YES;
				CLANG_ENABLE_OBJC_ARC = YES;
				CLANG_WARN_BOOL_CONVERSION = YES;
				CLANG_WARN_CONSTANT_CONVERSION = YES;
				CLANG_WARN_DIRECT_OBJC_ISA_USAGE = YES_ERROR;
				CLANG_WARN_EMPTY_BODY = YES;
				CLANG_WARN_ENUM_CONVERSION = YES;
				CLANG_WARN_INT_CONVERSION = YES;
				CLANG_WARN_OBJC_ROOT_CLASS = YES_ERROR;
				CLANG_WARN_UNREACHABLE_CODE = YES;
				CLANG_WARN__DUPLICATE_METHOD_MATCH = YES;
				"CODE_SIGN_IDENTITY[sdk=iphoneos*]" = "iPhone Developer";
				COPY_PHASE_STRIP = YES;
				ENABLE_NS_ASSERTIONS = NO;
				ENABLE_STRICT_OBJC_MSGSEND = YES;
				GCC_C_LANGUAGE_STANDARD = gnu99;
				GCC_WARN_64_TO_32_BIT_CONVERSION = YES;
				GCC_WARN_ABOUT_RETURN_TYPE = YES_ERROR;
				GCC_WARN_UNDECLARED_SELECTOR = YES;
				GCC_WARN_UNINITIALIZED_AUTOS = YES_AGGRESSIVE;
				GCC_WARN_UNUSED_FUNCTION = YES;
				GCC_WARN_UNUSED_VARIABLE = YES;
				IPHONEOS_DEPLOYMENT_TARGET = 8.1;
				MTL_ENABLE_DEBUG_INFO = NO;
				SDKROOT = iphoneos;
				TARGETED_DEVICE_FAMILY = "1,2";
				VALIDATE_PRODUCT = YES;
			};
			name = Release;
		};
		9AF091F61AE7370000891784 /* Debug */ = {
			isa = XCBuildConfiguration;
			buildSettings = {
				ASSETCATALOG_COMPILER_APPICON_NAME = AppIcon;
				INFOPLIST_FILE = "Times Tables/Info.plist";
				LD_RUNPATH_SEARCH_PATHS = "$(inherited) @executable_path/Frameworks";
				PRODUCT_NAME = "$(TARGET_NAME)";
			};
			name = Debug;
		};
		9AF091F71AE7370000891784 /* Release */ = {
			isa = XCBuildConfiguration;
			buildSettings = {
				ASSETCATALOG_COMPILER_APPICON_NAME = AppIcon;
				INFOPLIST_FILE = "Times Tables/Info.plist";
				LD_RUNPATH_SEARCH_PATHS = "$(inherited) @executable_path/Frameworks";
				PRODUCT_NAME = "$(TARGET_NAME)";
			};
			name = Release;
		};
		9AF091F91AE7370000891784 /* Debug */ = {
			isa = XCBuildConfiguration;
			buildSettings = {
				BUNDLE_LOADER = "$(TEST_HOST)";
				FRAMEWORK_SEARCH_PATHS = (
					"$(SDKROOT)/Developer/Library/Frameworks",
					"$(inherited)",
				);
				GCC_PREPROCESSOR_DEFINITIONS = (
					"DEBUG=1",
					"$(inherited)",
				);
				INFOPLIST_FILE = "Times TablesTests/Info.plist";
				LD_RUNPATH_SEARCH_PATHS = "$(inherited) @executable_path/Frameworks @loader_path/Frameworks";
				PRODUCT_NAME = "$(TARGET_NAME)";
				TEST_HOST = "$(BUILT_PRODUCTS_DIR)/Times Tables.app/Times Tables";
			};
			name = Debug;
		};
		9AF091FA1AE7370000891784 /* Release */ = {
			isa = XCBuildConfiguration;
			buildSettings = {
				BUNDLE_LOADER = "$(TEST_HOST)";
				FRAMEWORK_SEARCH_PATHS = (
					"$(SDKROOT)/Developer/Library/Frameworks",
					"$(inherited)",
				);
				INFOPLIST_FILE = "Times TablesTests/Info.plist";
				LD_RUNPATH_SEARCH_PATHS = "$(inherited) @executable_path/Frameworks @loader_path/Frameworks";
				PRODUCT_NAME = "$(TARGET_NAME)";
				TEST_HOST = "$(BUILT_PRODUCTS_DIR)/Times Tables.app/Times Tables";
			};
			name = Release;
		};
/* End XCBuildConfiguration section */

/* Begin XCConfigurationList section */
		9AF091D11AE736FF00891784 /* Build configuration list for PBXProject "Times Tables" */ = {
			isa = XCConfigurationList;
			buildConfigurations = (
				9AF091F31AE7370000891784 /* Debug */,
				9AF091F41AE7370000891784 /* Release */,
			);
			defaultConfigurationIsVisible = 0;
			defaultConfigurationName = Release;
		};
		9AF091F51AE7370000891784 /* Build configuration list for PBXNativeTarget "Times Tables" */ = {
			isa = XCConfigurationList;
			buildConfigurations = (
				9AF091F61AE7370000891784 /* Debug */,
				9AF091F71AE7370000891784 /* Release */,
			);
			defaultConfigurationIsVisible = 0;
		};
		9AF091F81AE7370000891784 /* Build configuration list for PBXNativeTarget "Times TablesTests" */ = {
			isa = XCConfigurationList;
			buildConfigurations = (
				9AF091F91AE7370000891784 /* Debug */,
				9AF091FA1AE7370000891784 /* Release */,
			);
			defaultConfigurationIsVisible = 0;
		};
/* End XCConfigurationList section */
	};
	rootObject = 9AF091CE1AE736FF00891784 /* Project object */;
}
