// !$*UTF8*$!
{
	archiveVersion = 1;
	classes = {
	};
	objectVersion = 46;
	objects = {

/* Begin PBXBuildFile section */
		9AE03EEF1AFC582A00D22816 /* AppDelegate.swift in Sources */ = {isa = PBXBuildFile; fileRef = 9AE03EEE1AFC582A00D22816 /* AppDelegate.swift */; };
		9AE03EF11AFC582A00D22816 /* ViewController.swift in Sources */ = {isa = PBXBuildFile; fileRef = 9AE03EF01AFC582A00D22816 /* ViewController.swift */; };
		9AE03EF41AFC582A00D22816 /* Main.storyboard in Resources */ = {isa = PBXBuildFile; fileRef = 9AE03EF21AFC582A00D22816 /* Main.storyboard */; };
		9AE03EF61AFC582A00D22816 /* Images.xcassets in Resources */ = {isa = PBXBuildFile; fileRef = 9AE03EF51AFC582A00D22816 /* Images.xcassets */; };
		9AE03EF91AFC582A00D22816 /* LaunchScreen.xib in Resources */ = {isa = PBXBuildFile; fileRef = 9AE03EF71AFC582A00D22816 /* LaunchScreen.xib */; };
		9AE03F051AFC582A00D22816 /* Permanent_StorageTests.swift in Sources */ = {isa = PBXBuildFile; fileRef = 9AE03F041AFC582A00D22816 /* Permanent_StorageTests.swift */; };
/* End PBXBuildFile section */

/* Begin PBXContainerItemProxy section */
		9AE03EFF1AFC582A00D22816 /* PBXContainerItemProxy */ = {
			isa = PBXContainerItemProxy;
			containerPortal = 9AE03EE11AFC582A00D22816 /* Project object */;
			proxyType = 1;
			remoteGlobalIDString = 9AE03EE81AFC582A00D22816;
			remoteInfo = "Permanent Storage";
		};
/* End PBXContainerItemProxy section */

/* Begin PBXFileReference section */
		9AE03EE91AFC582A00D22816 /* Permanent Storage.app */ = {isa = PBXFileReference; explicitFileType = wrapper.application; includeInIndex = 0; path = "Permanent Storage.app"; sourceTree = BUILT_PRODUCTS_DIR; };
		9AE03EED1AFC582A00D22816 /* Info.plist */ = {isa = PBXFileReference; lastKnownFileType = text.plist.xml; path = Info.plist; sourceTree = "<group>"; };
		9AE03EEE1AFC582A00D22816 /* AppDelegate.swift */ = {isa = PBXFileReference; lastKnownFileType = sourcecode.swift; path = AppDelegate.swift; sourceTree = "<group>"; };
		9AE03EF01AFC582A00D22816 /* ViewController.swift */ = {isa = PBXFileReference; lastKnownFileType = sourcecode.swift; path = ViewController.swift; sourceTree = "<group>"; };
		9AE03EF31AFC582A00D22816 /* Base */ = {isa = PBXFileReference; lastKnownFileType = file.storyboard; name = Base; path = Base.lproj/Main.storyboard; sourceTree = "<group>"; };
		9AE03EF51AFC582A00D22816 /* Images.xcassets */ = {isa = PBXFileReference; lastKnownFileType = folder.assetcatalog; path = Images.xcassets; sourceTree = "<group>"; };
		9AE03EF81AFC582A00D22816 /* Base */ = {isa = PBXFileReference; lastKnownFileType = file.xib; name = Base; path = Base.lproj/LaunchScreen.xib; sourceTree = "<group>"; };
		9AE03EFE1AFC582A00D22816 /* Permanent StorageTests.xctest */ = {isa = PBXFileReference; explicitFileType = wrapper.cfbundle; includeInIndex = 0; path = "Permanent StorageTests.xctest"; sourceTree = BUILT_PRODUCTS_DIR; };
		9AE03F031AFC582A00D22816 /* Info.plist */ = {isa = PBXFileReference; lastKnownFileType = text.plist.xml; path = Info.plist; sourceTree = "<group>"; };
		9AE03F041AFC582A00D22816 /* Permanent_StorageTests.swift */ = {isa = PBXFileReference; lastKnownFileType = sourcecode.swift; path = Permanent_StorageTests.swift; sourceTree = "<group>"; };
/* End PBXFileReference section */

/* Begin PBXFrameworksBuildPhase section */
		9AE03EE61AFC582A00D22816 /* Frameworks */ = {
			isa = PBXFrameworksBuildPhase;
			buildActionMask = 2147483647;
			files = (
			);
			runOnlyForDeploymentPostprocessing = 0;
		};
		9AE03EFB1AFC582A00D22816 /* Frameworks */ = {
			isa = PBXFrameworksBuildPhase;
			buildActionMask = 2147483647;
			files = (
			);
			runOnlyForDeploymentPostprocessing = 0;
		};
/* End PBXFrameworksBuildPhase section */

/* Begin PBXGroup section */
		9AE03EE01AFC582A00D22816 = {
			isa = PBXGroup;
			children = (
				9AE03EEB1AFC582A00D22816 /* Permanent Storage */,
				9AE03F011AFC582A00D22816 /* Permanent StorageTests */,
				9AE03EEA1AFC582A00D22816 /* Products */,
			);
			sourceTree = "<group>";
		};
		9AE03EEA1AFC582A00D22816 /* Products */ = {
			isa = PBXGroup;
			children = (
				9AE03EE91AFC582A00D22816 /* Permanent Storage.app */,
				9AE03EFE1AFC582A00D22816 /* Permanent StorageTests.xctest */,
			);
			name = Products;
			sourceTree = "<group>";
		};
		9AE03EEB1AFC582A00D22816 /* Permanent Storage */ = {
			isa = PBXGroup;
			children = (
				9AE03EEE1AFC582A00D22816 /* AppDelegate.swift */,
				9AE03EF01AFC582A00D22816 /* ViewController.swift */,
				9AE03EF21AFC582A00D22816 /* Main.storyboard */,
				9AE03EF51AFC582A00D22816 /* Images.xcassets */,
				9AE03EF71AFC582A00D22816 /* LaunchScreen.xib */,
				9AE03EEC1AFC582A00D22816 /* Supporting Files */,
			);
			path = "Permanent Storage";
			sourceTree = "<group>";
		};
		9AE03EEC1AFC582A00D22816 /* Supporting Files */ = {
			isa = PBXGroup;
			children = (
				9AE03EED1AFC582A00D22816 /* Info.plist */,
			);
			name = "Supporting Files";
			sourceTree = "<group>";
		};
		9AE03F011AFC582A00D22816 /* Permanent StorageTests */ = {
			isa = PBXGroup;
			children = (
				9AE03F041AFC582A00D22816 /* Permanent_StorageTests.swift */,
				9AE03F021AFC582A00D22816 /* Supporting Files */,
			);
			path = "Permanent StorageTests";
			sourceTree = "<group>";
		};
		9AE03F021AFC582A00D22816 /* Supporting Files */ = {
			isa = PBXGroup;
			children = (
				9AE03F031AFC582A00D22816 /* Info.plist */,
			);
			name = "Supporting Files";
			sourceTree = "<group>";
		};
/* End PBXGroup section */

/* Begin PBXNativeTarget section */
		9AE03EE81AFC582A00D22816 /* Permanent Storage */ = {
			isa = PBXNativeTarget;
			buildConfigurationList = 9AE03F081AFC582A00D22816 /* Build configuration list for PBXNativeTarget "Permanent Storage" */;
			buildPhases = (
				9AE03EE51AFC582A00D22816 /* Sources */,
				9AE03EE61AFC582A00D22816 /* Frameworks */,
				9AE03EE71AFC582A00D22816 /* Resources */,
			);
			buildRules = (
			);
			dependencies = (
			);
			name = "Permanent Storage";
			productName = "Permanent Storage";
			productReference = 9AE03EE91AFC582A00D22816 /* Permanent Storage.app */;
			productType = "com.apple.product-type.application";
		};
		9AE03EFD1AFC582A00D22816 /* Permanent StorageTests */ = {
			isa = PBXNativeTarget;
			buildConfigurationList = 9AE03F0B1AFC582A00D22816 /* Build configuration list for PBXNativeTarget "Permanent StorageTests" */;
			buildPhases = (
				9AE03EFA1AFC582A00D22816 /* Sources */,
				9AE03EFB1AFC582A00D22816 /* Frameworks */,
				9AE03EFC1AFC582A00D22816 /* Resources */,
			);
			buildRules = (
			);
			dependencies = (
				9AE03F001AFC582A00D22816 /* PBXTargetDependency */,
			);
			name = "Permanent StorageTests";
			productName = "Permanent StorageTests";
			productReference = 9AE03EFE1AFC582A00D22816 /* Permanent StorageTests.xctest */;
			productType = "com.apple.product-type.bundle.unit-test";
		};
/* End PBXNativeTarget section */

/* Begin PBXProject section */
		9AE03EE11AFC582A00D22816 /* Project object */ = {
			isa = PBXProject;
			attributes = {
				LastUpgradeCheck = 0610;
				ORGANIZATIONNAME = uinik;
				TargetAttributes = {
					9AE03EE81AFC582A00D22816 = {
						CreatedOnToolsVersion = 6.1.1;
					};
					9AE03EFD1AFC582A00D22816 = {
						CreatedOnToolsVersion = 6.1.1;
						TestTargetID = 9AE03EE81AFC582A00D22816;
					};
				};
			};
			buildConfigurationList = 9AE03EE41AFC582A00D22816 /* Build configuration list for PBXProject "Permanent Storage" */;
			compatibilityVersion = "Xcode 3.2";
			developmentRegion = English;
			hasScannedForEncodings = 0;
			knownRegions = (
				en,
				Base,
			);
			mainGroup = 9AE03EE01AFC582A00D22816;
			productRefGroup = 9AE03EEA1AFC582A00D22816 /* Products */;
			projectDirPath = "";
			projectRoot = "";
			targets = (
				9AE03EE81AFC582A00D22816 /* Permanent Storage */,
				9AE03EFD1AFC582A00D22816 /* Permanent StorageTests */,
			);
		};
/* End PBXProject section */

/* Begin PBXResourcesBuildPhase section */
		9AE03EE71AFC582A00D22816 /* Resources */ = {
			isa = PBXResourcesBuildPhase;
			buildActionMask = 2147483647;
			files = (
				9AE03EF41AFC582A00D22816 /* Main.storyboard in Resources */,
				9AE03EF91AFC582A00D22816 /* LaunchScreen.xib in Resources */,
				9AE03EF61AFC582A00D22816 /* Images.xcassets in Resources */,
			);
			runOnlyForDeploymentPostprocessing = 0;
		};
		9AE03EFC1AFC582A00D22816 /* Resources */ = {
			isa = PBXResourcesBuildPhase;
			buildActionMask = 2147483647;
			files = (
			);
			runOnlyForDeploymentPostprocessing = 0;
		};
/* End PBXResourcesBuildPhase section */

/* Begin PBXSourcesBuildPhase section */
		9AE03EE51AFC582A00D22816 /* Sources */ = {
			isa = PBXSourcesBuildPhase;
			buildActionMask = 2147483647;
			files = (
				9AE03EF11AFC582A00D22816 /* ViewController.swift in Sources */,
				9AE03EEF1AFC582A00D22816 /* AppDelegate.swift in Sources */,
			);
			runOnlyForDeploymentPostprocessing = 0;
		};
		9AE03EFA1AFC582A00D22816 /* Sources */ = {
			isa = PBXSourcesBuildPhase;
			buildActionMask = 2147483647;
			files = (
				9AE03F051AFC582A00D22816 /* Permanent_StorageTests.swift in Sources */,
			);
			runOnlyForDeploymentPostprocessing = 0;
		};
/* End PBXSourcesBuildPhase section */

/* Begin PBXTargetDependency section */
		9AE03F001AFC582A00D22816 /* PBXTargetDependency */ = {
			isa = PBXTargetDependency;
			target = 9AE03EE81AFC582A00D22816 /* Permanent Storage */;
			targetProxy = 9AE03EFF1AFC582A00D22816 /* PBXContainerItemProxy */;
		};
/* End PBXTargetDependency section */

/* Begin PBXVariantGroup section */
		9AE03EF21AFC582A00D22816 /* Main.storyboard */ = {
			isa = PBXVariantGroup;
			children = (
				9AE03EF31AFC582A00D22816 /* Base */,
			);
			name = Main.storyboard;
			sourceTree = "<group>";
		};
		9AE03EF71AFC582A00D22816 /* LaunchScreen.xib */ = {
			isa = PBXVariantGroup;
			children = (
				9AE03EF81AFC582A00D22816 /* Base */,
			);
			name = LaunchScreen.xib;
			sourceTree = "<group>";
		};
/* End PBXVariantGroup section */

/* Begin XCBuildConfiguration section */
		9AE03F061AFC582A00D22816 /* Debug */ = {
			isa = XCBuildConfiguration;
			buildSettings = {
				ALWAYS_SEARCH_USER_PATHS = NO;
				CLANG_CXX_LANGUAGE_STANDARD = "gnu++0x";
				CLANG_CXX_LIBRARY = "libc++";
				CLANG_ENABLE_MODULES = YES;
				CLANG_ENABLE_OBJC_ARC = YES;
				CLANG_WARN_BOOL_CONVERSION = YES;
				CLANG_WARN_CONSTANT_CONVERSION = YES;
				CLANG_WARN_DIRECT_OBJC_ISA_USAGE = YES_ERROR;
				CLANG_WARN_EMPTY_BODY = YES;
				CLANG_WARN_ENUM_CONVERSION = YES;
				CLANG_WARN_INT_CONVERSION = YES;
				CLANG_WARN_OBJC_ROOT_CLASS = YES_ERROR;
				CLANG_WARN_UNREACHABLE_CODE = YES;
				CLANG_WARN__DUPLICATE_METHOD_MATCH = YES;
				"CODE_SIGN_IDENTITY[sdk=iphoneos*]" = "iPhone Developer";
				COPY_PHASE_STRIP = NO;
				ENABLE_STRICT_OBJC_MSGSEND = YES;
				GCC_C_LANGUAGE_STANDARD = gnu99;
				GCC_DYNAMIC_NO_PIC = NO;
				GCC_OPTIMIZATION_LEVEL = 0;
				GCC_PREPROCESSOR_DEFINITIONS = (
					"DEBUG=1",
					"$(inherited)",
				);
				GCC_SYMBOLS_PRIVATE_EXTERN = NO;
				GCC_WARN_64_TO_32_BIT_CONVERSION = YES;
				GCC_WARN_ABOUT_RETURN_TYPE = YES_ERROR;
				GCC_WARN_UNDECLARED_SELECTOR = YES;
				GCC_WARN_UNINITIALIZED_AUTOS = YES_AGGRESSIVE;
				GCC_WARN_UNUSED_FUNCTION = YES;
				GCC_WARN_UNUSED_VARIABLE = YES;
				IPHONEOS_DEPLOYMENT_TARGET = 8.1;
				MTL_ENABLE_DEBUG_INFO = YES;
				ONLY_ACTIVE_ARCH = YES;
				SDKROOT = iphoneos;
				SWIFT_OPTIMIZATION_LEVEL = "-Onone";
				TARGETED_DEVICE_FAMILY = "1,2";
			};
			name = Debug;
		};
		9AE03F071AFC582A00D22816 /* Release */ = {
			isa = XCBuildConfiguration;
			buildSettings = {
				ALWAYS_SEARCH_USER_PATHS = NO;
				CLANG_CXX_LANGUAGE_STANDARD = "gnu++0x";
				CLANG_CXX_LIBRARY = "libc++";
				CLANG_ENABLE_MODULES = YES;
				CLANG_ENABLE_OBJC_ARC = YES;
				CLANG_WARN_BOOL_CONVERSION = YES;
				CLANG_WARN_CONSTANT_CONVERSION = YES;
				CLANG_WARN_DIRECT_OBJC_ISA_USAGE = YES_ERROR;
				CLANG_WARN_EMPTY_BODY = YES;
				CLANG_WARN_ENUM_CONVERSION = YES;
				CLANG_WARN_INT_CONVERSION = YES;
				CLANG_WARN_OBJC_ROOT_CLASS = YES_ERROR;
				CLANG_WARN_UNREACHABLE_CODE = YES;
				CLANG_WARN__DUPLICATE_METHOD_MATCH = YES;
				"CODE_SIGN_IDENTITY[sdk=iphoneos*]" = "iPhone Developer";
				COPY_PHASE_STRIP = YES;
				ENABLE_NS_ASSERTIONS = NO;
				ENABLE_STRICT_OBJC_MSGSEND = YES;
				GCC_C_LANGUAGE_STANDARD = gnu99;
				GCC_WARN_64_TO_32_BIT_CONVERSION = YES;
				GCC_WARN_ABOUT_RETURN_TYPE = YES_ERROR;
				GCC_WARN_UNDECLARED_SELECTOR = YES;
				GCC_WARN_UNINITIALIZED_AUTOS = YES_AGGRESSIVE;
				GCC_WARN_UNUSED_FUNCTION = YES;
				GCC_WARN_UNUSED_VARIABLE = YES;
				IPHONEOS_DEPLOYMENT_TARGET = 8.1;
				MTL_ENABLE_DEBUG_INFO = NO;
				SDKROOT = iphoneos;
				TARGETED_DEVICE_FAMILY = "1,2";
				VALIDATE_PRODUCT = YES;
			};
			name = Release;
		};
		9AE03F091AFC582A00D22816 /* Debug */ = {
			isa = XCBuildConfiguration;
			buildSettings = {
				ASSETCATALOG_COMPILER_APPICON_NAME = AppIcon;
				INFOPLIST_FILE = "Permanent Storage/Info.plist";
				LD_RUNPATH_SEARCH_PATHS = "$(inherited) @executable_path/Frameworks";
				PRODUCT_NAME = "$(TARGET_NAME)";
			};
			name = Debug;
		};
		9AE03F0A1AFC582A00D22816 /* Release */ = {
			isa = XCBuildConfiguration;
			buildSettings = {
				ASSETCATALOG_COMPILER_APPICON_NAME = AppIcon;
				INFOPLIST_FILE = "Permanent Storage/Info.plist";
				LD_RUNPATH_SEARCH_PATHS = "$(inherited) @executable_path/Frameworks";
				PRODUCT_NAME = "$(TARGET_NAME)";
			};
			name = Release;
		};
		9AE03F0C1AFC582A00D22816 /* Debug */ = {
			isa = XCBuildConfiguration;
			buildSettings = {
				BUNDLE_LOADER = "$(TEST_HOST)";
				FRAMEWORK_SEARCH_PATHS = (
					"$(SDKROOT)/Developer/Library/Frameworks",
					"$(inherited)",
				);
				GCC_PREPROCESSOR_DEFINITIONS = (
					"DEBUG=1",
					"$(inherited)",
				);
				INFOPLIST_FILE = "Permanent StorageTests/Info.plist";
				LD_RUNPATH_SEARCH_PATHS = "$(inherited) @executable_path/Frameworks @loader_path/Frameworks";
				PRODUCT_NAME = "$(TARGET_NAME)";
				TEST_HOST = "$(BUILT_PRODUCTS_DIR)/Permanent Storage.app/Permanent Storage";
			};
			name = Debug;
		};
		9AE03F0D1AFC582A00D22816 /* Release */ = {
			isa = XCBuildConfiguration;
			buildSettings = {
				BUNDLE_LOADER = "$(TEST_HOST)";
				FRAMEWORK_SEARCH_PATHS = (
					"$(SDKROOT)/Developer/Library/Frameworks",
					"$(inherited)",
				);
				INFOPLIST_FILE = "Permanent StorageTests/Info.plist";
				LD_RUNPATH_SEARCH_PATHS = "$(inherited) @executable_path/Frameworks @loader_path/Frameworks";
				PRODUCT_NAME = "$(TARGET_NAME)";
				TEST_HOST = "$(BUILT_PRODUCTS_DIR)/Permanent Storage.app/Permanent Storage";
			};
			name = Release;
		};
/* End XCBuildConfiguration section */

/* Begin XCConfigurationList section */
		9AE03EE41AFC582A00D22816 /* Build configuration list for PBXProject "Permanent Storage" */ = {
			isa = XCConfigurationList;
			buildConfigurations = (
				9AE03F061AFC582A00D22816 /* Debug */,
				9AE03F071AFC582A00D22816 /* Release */,
			);
			defaultConfigurationIsVisible = 0;
			defaultConfigurationName = Release;
		};
		9AE03F081AFC582A00D22816 /* Build configuration list for PBXNativeTarget "Permanent Storage" */ = {
			isa = XCConfigurationList;
			buildConfigurations = (
				9AE03F091AFC582A00D22816 /* Debug */,
				9AE03F0A1AFC582A00D22816 /* Release */,
			);
			defaultConfigurationIsVisible = 0;
		};
		9AE03F0B1AFC582A00D22816 /* Build configuration list for PBXNativeTarget "Permanent StorageTests" */ = {
			isa = XCConfigurationList;
			buildConfigurations = (
				9AE03F0C1AFC582A00D22816 /* Debug */,
				9AE03F0D1AFC582A00D22816 /* Release */,
			);
			defaultConfigurationIsVisible = 0;
		};
/* End XCConfigurationList section */
	};
	rootObject = 9AE03EE11AFC582A00D22816 /* Project object */;
}
